
Microsoft Visual Studio Solution File, Format Version 12.00
# Visual Studio Version 17
VisualStudioVersion = 17.3.32901.215
MinimumVisualStudioVersion = 10.0.40219.1
Project("{FAE04EC0-301F-11D3-BF4B-00C04F79EFBC}") = "adventOfCode", "adventOfCode.csproj", "{3547F126-90F2-43AE-A7FD-5177842522E4}"
EndProject
Global
	GlobalSection(SolutionConfigurationPlatforms) = preSolution
		Debug|Any CPU = Debug|Any CPU
		Release|Any CPU = Release|Any CPU
	EndGlobalSection
	GlobalSection(ProjectConfigurationPlatforms) = postSolution
		{3547F126-90F2-43AE-A7FD-5177842522E4}.Debug|Any CPU.ActiveCfg = Debug|Any CPU
		{3547F126-90F2-43AE-A7FD-5177842522E4}.Debug|Any CPU.Build.0 = Debug|Any CPU
		{3547F126-90F2-43AE-A7FD-5177842522E4}.Release|Any CPU.ActiveCfg = Release|Any CPU
		{3547F126-90F2-43AE-A7FD-5177842522E4}.Release|Any CPU.Build.0 = Release|Any CPU
	EndGlobalSection
	GlobalSection(SolutionProperties) = preSolution
		HideSolutionNode = FALSE
	EndGlobalSection
	GlobalSection(ExtensibilityGlobals) = postSolution
		SolutionGuid = {C9842EEB-AA67-48F8-BE70-DC28C54DAC79}
	EndGlobalSection
EndGlobal
